
Microsoft Visual Studio Solution File, Format Version 12.00
# Visual Studio 14
VisualStudioVersion = 14.0.23107.0
MinimumVisualStudioVersion = 10.0.40219.1
Project("{8BC9CEB8-8B4A-11D0-8D11-00A0C91BC942}") = "Blank Win32 Window", "BeginningDirect3D\BeginningDirect3D.vcxproj", "{157CE0ED-0CCE-4115-9AD8-6CFE22BC947B}"
EndProject
Project("{8BC9CEB8-8B4A-11D0-8D11-00A0C91BC942}") = "Blank Direct3D Window", "Blank Direct3D Window\Blank Direct3D Window.vcxproj", "{7DF21644-0B7C-4DDE-8F67-535BD4F4C511}"
EndProject
Global
	GlobalSection(SolutionConfigurationPlatforms) = preSolution
		Debug|x64 = Debug|x64
		Debug|x86 = Debug|x86
		Release|x64 = Release|x64
		Release|x86 = Release|x86
	EndGlobalSection
	GlobalSection(ProjectConfigurationPlatforms) = postSolution
		{157CE0ED-0CCE-4115-9AD8-6CFE22BC947B}.Debug|x64.ActiveCfg = Debug|x64
		{157CE0ED-0CCE-4115-9AD8-6CFE22BC947B}.Debug|x64.Build.0 = Debug|x64
		{157CE0ED-0CCE-4115-9AD8-6CFE22BC947B}.Debug|x86.ActiveCfg = Debug|Win32
		{157CE0ED-0CCE-4115-9AD8-6CFE22BC947B}.Debug|x86.Build.0 = Debug|Win32
		{157CE0ED-0CCE-4115-9AD8-6CFE22BC947B}.Release|x64.ActiveCfg = Release|x64
		{157CE0ED-0CCE-4115-9AD8-6CFE22BC947B}.Release|x64.Build.0 = Release|x64
		{157CE0ED-0CCE-4115-9AD8-6CFE22BC947B}.Release|x86.ActiveCfg = Release|Win32
		{157CE0ED-0CCE-4115-9AD8-6CFE22BC947B}.Release|x86.Build.0 = Release|Win32
		{7DF21644-0B7C-4DDE-8F67-535BD4F4C511}.Debug|x64.ActiveCfg = Debug|x64
		{7DF21644-0B7C-4DDE-8F67-535BD4F4C511}.Debug|x64.Build.0 = Debug|x64
		{7DF21644-0B7C-4DDE-8F67-535BD4F4C511}.Debug|x86.ActiveCfg = Debug|Win32
		{7DF21644-0B7C-4DDE-8F67-535BD4F4C511}.Debug|x86.Build.0 = Debug|Win32
		{7DF21644-0B7C-4DDE-8F67-535BD4F4C511}.Release|x64.ActiveCfg = Release|x64
		{7DF21644-0B7C-4DDE-8F67-535BD4F4C511}.Release|x64.Build.0 = Release|x64
		{7DF21644-0B7C-4DDE-8F67-535BD4F4C511}.Release|x86.ActiveCfg = Release|Win32
		{7DF21644-0B7C-4DDE-8F67-535BD4F4C511}.Release|x86.Build.0 = Release|Win32
	EndGlobalSection
	GlobalSection(SolutionProperties) = preSolution
		HideSolutionNode = FALSE
	EndGlobalSection
EndGlobal
